
Microsoft Visual Studio Solution File, Format Version 12.00
# Visual Studio Version 17
VisualStudioVersion = 17.4.33213.308
MinimumVisualStudioVersion = 10.0.40219.1
Project("{9A19103F-16F7-4668-BE54-9A1E7A4F7556}") = "Patika-Hafta1-Odev", "Patika-Hafta1-Odev\Patika-Hafta1-Odev.csproj", "{E6AD9EEC-D89F-48BD-8A01-AF2B194A6B62}"
EndProject
Global
	GlobalSection(SolutionConfigurationPlatforms) = preSolution
		Debug|Any CPU = Debug|Any CPU
		Release|Any CPU = Release|Any CPU
	EndGlobalSection
	GlobalSection(ProjectConfigurationPlatforms) = postSolution
		{E6AD9EEC-D89F-48BD-8A01-AF2B194A6B62}.Debug|Any CPU.ActiveCfg = Debug|Any CPU
		{E6AD9EEC-D89F-48BD-8A01-AF2B194A6B62}.Debug|Any CPU.Build.0 = Debug|Any CPU
		{E6AD9EEC-D89F-48BD-8A01-AF2B194A6B62}.Release|Any CPU.ActiveCfg = Release|Any CPU
		{E6AD9EEC-D89F-48BD-8A01-AF2B194A6B62}.Release|Any CPU.Build.0 = Release|Any CPU
	EndGlobalSection
	GlobalSection(SolutionProperties) = preSolution
		HideSolutionNode = FALSE
	EndGlobalSection
	GlobalSection(ExtensibilityGlobals) = postSolution
		SolutionGuid = {D730CDCF-BEA0-4B55-A046-4C70534E06E0}
	EndGlobalSection
EndGlobal
